
Microsoft Visual Studio Solution File, Format Version 12.00
# Visual Studio Version 17
VisualStudioVersion = 17.14.36616.10
MinimumVisualStudioVersion = 10.0.40219.1
Project("{FAE04EC0-301F-11D3-BF4B-00C04F79EFBC}") = "FluffyByte.ProjectMythos.Server", "FluffyByte.ProjectMythos.Server\FluffyByte.ProjectMythos.Server.csproj", "{39B50038-D389-427B-9260-59F12B69B724}"
EndProject
Project("{FAE04EC0-301F-11D3-BF4B-00C04F79EFBC}") = "FluffyByte.TestClient", "TestClient\FluffyByte.TestClient.csproj", "{02296B9D-739E-4D60-9DD8-2522791A973E}"
EndProject
Project("{FAE04EC0-301F-11D3-BF4B-00C04F79EFBC}") = "FluffyByte.MythosGame", "FluffyByte.MythosGame\FluffyByte.MythosGame.csproj", "{1FEBBEFD-D164-4397-A112-C6DBC218E6A3}"
EndProject
Project("{FAE04EC0-301F-11D3-BF4B-00C04F79EFBC}") = "FluffyByte.Tools", "FluffyByte.DebugTools\FluffyByte.Tools.csproj", "{83E6D75B-FCF7-4ACD-9D00-56201FB3CACA}"
EndProject
Global
	GlobalSection(SolutionConfigurationPlatforms) = preSolution
		Debug|Any CPU = Debug|Any CPU
		Release|Any CPU = Release|Any CPU
	EndGlobalSection
	GlobalSection(ProjectConfigurationPlatforms) = postSolution
		{39B50038-D389-427B-9260-59F12B69B724}.Debug|Any CPU.ActiveCfg = Debug|Any CPU
		{39B50038-D389-427B-9260-59F12B69B724}.Debug|Any CPU.Build.0 = Debug|Any CPU
		{39B50038-D389-427B-9260-59F12B69B724}.Release|Any CPU.ActiveCfg = Release|Any CPU
		{39B50038-D389-427B-9260-59F12B69B724}.Release|Any CPU.Build.0 = Release|Any CPU
		{02296B9D-739E-4D60-9DD8-2522791A973E}.Debug|Any CPU.ActiveCfg = Debug|Any CPU
		{02296B9D-739E-4D60-9DD8-2522791A973E}.Debug|Any CPU.Build.0 = Debug|Any CPU
		{02296B9D-739E-4D60-9DD8-2522791A973E}.Release|Any CPU.ActiveCfg = Release|Any CPU
		{02296B9D-739E-4D60-9DD8-2522791A973E}.Release|Any CPU.Build.0 = Release|Any CPU
		{1FEBBEFD-D164-4397-A112-C6DBC218E6A3}.Debug|Any CPU.ActiveCfg = Debug|Any CPU
		{1FEBBEFD-D164-4397-A112-C6DBC218E6A3}.Debug|Any CPU.Build.0 = Debug|Any CPU
		{1FEBBEFD-D164-4397-A112-C6DBC218E6A3}.Release|Any CPU.ActiveCfg = Release|Any CPU
		{1FEBBEFD-D164-4397-A112-C6DBC218E6A3}.Release|Any CPU.Build.0 = Release|Any CPU
		{83E6D75B-FCF7-4ACD-9D00-56201FB3CACA}.Debug|Any CPU.ActiveCfg = Debug|Any CPU
		{83E6D75B-FCF7-4ACD-9D00-56201FB3CACA}.Debug|Any CPU.Build.0 = Debug|Any CPU
		{83E6D75B-FCF7-4ACD-9D00-56201FB3CACA}.Release|Any CPU.ActiveCfg = Release|Any CPU
		{83E6D75B-FCF7-4ACD-9D00-56201FB3CACA}.Release|Any CPU.Build.0 = Release|Any CPU
	EndGlobalSection
	GlobalSection(SolutionProperties) = preSolution
		HideSolutionNode = FALSE
	EndGlobalSection
	GlobalSection(ExtensibilityGlobals) = postSolution
		SolutionGuid = {34DAA68B-CB67-491B-B479-12A632991DE0}
	EndGlobalSection
EndGlobal
